// !$*UTF8*$!
{
	archiveVersion = 1;
	classes = {
	};
	objectVersion = 77;
	objects = {

/* Begin PBXBuildFile section */
		17BA4F042E9F94990030B293 /* WhisperKit in Frameworks */ = {isa = PBXBuildFile; productRef = 17BA4F032E9F94990030B293 /* WhisperKit */; };
		17BA4F062E9F94990030B293 /* whisperkit-cli in Frameworks */ = {isa = PBXBuildFile; productRef = 17BA4F052E9F94990030B293 /* whisperkit-cli */; };
		5F504208A36F0D6DD7EAF200 /* Pods_PublicSpeakingAPP_PublicSpeakingAPPUITests.framework in Frameworks */ = {isa = PBXBuildFile; fileRef = BDBBDEA89D59FB584042F4A9 /* Pods_PublicSpeakingAPP_PublicSpeakingAPPUITests.framework */; };
		7CE851DA155C463A766ECDF8 /* Pods_PublicSpeakingAPPTests.framework in Frameworks */ = {isa = PBXBuildFile; fileRef = 3FB7F432C78D629616FA649B /* Pods_PublicSpeakingAPPTests.framework */; };
		DD24F122C7CC08C3B9C52EBE /* Pods_PublicSpeakingAPP.framework in Frameworks */ = {isa = PBXBuildFile; fileRef = 61E6E345EB8465F6CC18B06C /* Pods_PublicSpeakingAPP.framework */; };
/* End PBXBuildFile section */

/* Begin PBXContainerItemProxy section */
		12BCF37B2E8BACB500FD1CF8 /* PBXContainerItemProxy */ = {
			isa = PBXContainerItemProxy;
			containerPortal = 12BCF3632E8BACB400FD1CF8 /* Project object */;
			proxyType = 1;
			remoteGlobalIDString = 12BCF36A2E8BACB400FD1CF8;
			remoteInfo = PublicSpeakingAPP;
		};
		12BCF3852E8BACB500FD1CF8 /* PBXContainerItemProxy */ = {
			isa = PBXContainerItemProxy;
			containerPortal = 12BCF3632E8BACB400FD1CF8 /* Project object */;
			proxyType = 1;
			remoteGlobalIDString = 12BCF36A2E8BACB400FD1CF8;
			remoteInfo = PublicSpeakingAPP;
		};
/* End PBXContainerItemProxy section */

/* Begin PBXFileReference section */
		016D9560FE89F0C72E5C21A8 /* Pods-PublicSpeakingAPP-PublicSpeakingAPPUITests.release.xcconfig */ = {isa = PBXFileReference; includeInIndex = 1; lastKnownFileType = text.xcconfig; name = "Pods-PublicSpeakingAPP-PublicSpeakingAPPUITests.release.xcconfig"; path = "Target Support Files/Pods-PublicSpeakingAPP-PublicSpeakingAPPUITests/Pods-PublicSpeakingAPP-PublicSpeakingAPPUITests.release.xcconfig"; sourceTree = "<group>"; };
		066ECDE1A03F55BC483FB13D /* Pods-PublicSpeakingAPPTests.debug.xcconfig */ = {isa = PBXFileReference; includeInIndex = 1; lastKnownFileType = text.xcconfig; name = "Pods-PublicSpeakingAPPTests.debug.xcconfig"; path = "Target Support Files/Pods-PublicSpeakingAPPTests/Pods-PublicSpeakingAPPTests.debug.xcconfig"; sourceTree = "<group>"; };
		12BCF36B2E8BACB400FD1CF8 /* PublicSpeakingAPP.app */ = {isa = PBXFileReference; explicitFileType = wrapper.application; includeInIndex = 0; path = PublicSpeakingAPP.app; sourceTree = BUILT_PRODUCTS_DIR; };
		12BCF37A2E8BACB500FD1CF8 /* PublicSpeakingAPPTests.xctest */ = {isa = PBXFileReference; explicitFileType = wrapper.cfbundle; includeInIndex = 0; path = PublicSpeakingAPPTests.xctest; sourceTree = BUILT_PRODUCTS_DIR; };
		12BCF3842E8BACB500FD1CF8 /* PublicSpeakingAPPUITests.xctest */ = {isa = PBXFileReference; explicitFileType = wrapper.cfbundle; includeInIndex = 0; path = PublicSpeakingAPPUITests.xctest; sourceTree = BUILT_PRODUCTS_DIR; };
		2B5CCB8D1661E906DE9DC6C3 /* Pods-PublicSpeakingAPP.debug.xcconfig */ = {isa = PBXFileReference; includeInIndex = 1; lastKnownFileType = text.xcconfig; name = "Pods-PublicSpeakingAPP.debug.xcconfig"; path = "Target Support Files/Pods-PublicSpeakingAPP/Pods-PublicSpeakingAPP.debug.xcconfig"; sourceTree = "<group>"; };
		3FB7F432C78D629616FA649B /* Pods_PublicSpeakingAPPTests.framework */ = {isa = PBXFileReference; explicitFileType = wrapper.framework; includeInIndex = 0; path = Pods_PublicSpeakingAPPTests.framework; sourceTree = BUILT_PRODUCTS_DIR; };
		61E6E345EB8465F6CC18B06C /* Pods_PublicSpeakingAPP.framework */ = {isa = PBXFileReference; explicitFileType = wrapper.framework; includeInIndex = 0; path = Pods_PublicSpeakingAPP.framework; sourceTree = BUILT_PRODUCTS_DIR; };
		67E79AA2EC4971F34195DCF3 /* Pods-PublicSpeakingAPP-PublicSpeakingAPPUITests.debug.xcconfig */ = {isa = PBXFileReference; includeInIndex = 1; lastKnownFileType = text.xcconfig; name = "Pods-PublicSpeakingAPP-PublicSpeakingAPPUITests.debug.xcconfig"; path = "Target Support Files/Pods-PublicSpeakingAPP-PublicSpeakingAPPUITests/Pods-PublicSpeakingAPP-PublicSpeakingAPPUITests.debug.xcconfig"; sourceTree = "<group>"; };
		A64080B740B2D5CFEA07545E /* Pods-PublicSpeakingAPPTests.release.xcconfig */ = {isa = PBXFileReference; includeInIndex = 1; lastKnownFileType = text.xcconfig; name = "Pods-PublicSpeakingAPPTests.release.xcconfig"; path = "Target Support Files/Pods-PublicSpeakingAPPTests/Pods-PublicSpeakingAPPTests.release.xcconfig"; sourceTree = "<group>"; };
		BDBBDEA89D59FB584042F4A9 /* Pods_PublicSpeakingAPP_PublicSpeakingAPPUITests.framework */ = {isa = PBXFileReference; explicitFileType = wrapper.framework; includeInIndex = 0; path = Pods_PublicSpeakingAPP_PublicSpeakingAPPUITests.framework; sourceTree = BUILT_PRODUCTS_DIR; };
		D0956CE89974888098C971A5 /* Pods-PublicSpeakingAPP.release.xcconfig */ = {isa = PBXFileReference; includeInIndex = 1; lastKnownFileType = text.xcconfig; name = "Pods-PublicSpeakingAPP.release.xcconfig"; path = "Target Support Files/Pods-PublicSpeakingAPP/Pods-PublicSpeakingAPP.release.xcconfig"; sourceTree = "<group>"; };
/* End PBXFileReference section */

/* Begin PBXFileSystemSynchronizedRootGroup section */
		12BCF36D2E8BACB400FD1CF8 /* PublicSpeakingAPP */ = {
			isa = PBXFileSystemSynchronizedRootGroup;
			path = PublicSpeakingAPP;
			sourceTree = "<group>";
		};
		12BCF37D2E8BACB500FD1CF8 /* PublicSpeakingAPPTests */ = {
			isa = PBXFileSystemSynchronizedRootGroup;
			path = PublicSpeakingAPPTests;
			sourceTree = "<group>";
		};
		12BCF3872E8BACB500FD1CF8 /* PublicSpeakingAPPUITests */ = {
			isa = PBXFileSystemSynchronizedRootGroup;
			path = PublicSpeakingAPPUITests;
			sourceTree = "<group>";
		};
/* End PBXFileSystemSynchronizedRootGroup section */

/* Begin PBXFrameworksBuildPhase section */
		12BCF3682E8BACB400FD1CF8 /* Frameworks */ = {
			isa = PBXFrameworksBuildPhase;
			buildActionMask = 2147483647;
			files = (
				17BA4F042E9F94990030B293 /* WhisperKit in Frameworks */,
				17BA4F062E9F94990030B293 /* whisperkit-cli in Frameworks */,
				DD24F122C7CC08C3B9C52EBE /* Pods_PublicSpeakingAPP.framework in Frameworks */,
			);
			runOnlyForDeploymentPostprocessing = 0;
		};
		12BCF3772E8BACB500FD1CF8 /* Frameworks */ = {
			isa = PBXFrameworksBuildPhase;
			buildActionMask = 2147483647;
			files = (
				7CE851DA155C463A766ECDF8 /* Pods_PublicSpeakingAPPTests.framework in Frameworks */,
			);
			runOnlyForDeploymentPostprocessing = 0;
		};
		12BCF3812E8BACB500FD1CF8 /* Frameworks */ = {
			isa = PBXFrameworksBuildPhase;
			buildActionMask = 2147483647;
			files = (
				5F504208A36F0D6DD7EAF200 /* Pods_PublicSpeakingAPP_PublicSpeakingAPPUITests.framework in Frameworks */,
			);
			runOnlyForDeploymentPostprocessing = 0;
		};
/* End PBXFrameworksBuildPhase section */

/* Begin PBXGroup section */
		12BCF3622E8BACB400FD1CF8 = {
			isa = PBXGroup;
			children = (
				12BCF36D2E8BACB400FD1CF8 /* PublicSpeakingAPP */,
				12BCF37D2E8BACB500FD1CF8 /* PublicSpeakingAPPTests */,
				12BCF3872E8BACB500FD1CF8 /* PublicSpeakingAPPUITests */,
				12BCF36C2E8BACB400FD1CF8 /* Products */,
				DFBACB3A5B126BA9D06A63F4 /* Pods */,
				C7365DD0208C7E68DE4D88ED /* Frameworks */,
			);
			sourceTree = "<group>";
		};
		12BCF36C2E8BACB400FD1CF8 /* Products */ = {
			isa = PBXGroup;
			children = (
				12BCF36B2E8BACB400FD1CF8 /* PublicSpeakingAPP.app */,
				12BCF37A2E8BACB500FD1CF8 /* PublicSpeakingAPPTests.xctest */,
				12BCF3842E8BACB500FD1CF8 /* PublicSpeakingAPPUITests.xctest */,
			);
			name = Products;
			sourceTree = "<group>";
		};
		C7365DD0208C7E68DE4D88ED /* Frameworks */ = {
			isa = PBXGroup;
			children = (
				61E6E345EB8465F6CC18B06C /* Pods_PublicSpeakingAPP.framework */,
				BDBBDEA89D59FB584042F4A9 /* Pods_PublicSpeakingAPP_PublicSpeakingAPPUITests.framework */,
				3FB7F432C78D629616FA649B /* Pods_PublicSpeakingAPPTests.framework */,
			);
			name = Frameworks;
			sourceTree = "<group>";
		};
		DFBACB3A5B126BA9D06A63F4 /* Pods */ = {
			isa = PBXGroup;
			children = (
				2B5CCB8D1661E906DE9DC6C3 /* Pods-PublicSpeakingAPP.debug.xcconfig */,
				D0956CE89974888098C971A5 /* Pods-PublicSpeakingAPP.release.xcconfig */,
				67E79AA2EC4971F34195DCF3 /* Pods-PublicSpeakingAPP-PublicSpeakingAPPUITests.debug.xcconfig */,
				016D9560FE89F0C72E5C21A8 /* Pods-PublicSpeakingAPP-PublicSpeakingAPPUITests.release.xcconfig */,
				066ECDE1A03F55BC483FB13D /* Pods-PublicSpeakingAPPTests.debug.xcconfig */,
				A64080B740B2D5CFEA07545E /* Pods-PublicSpeakingAPPTests.release.xcconfig */,
			);
			path = Pods;
			sourceTree = "<group>";
		};
/* End PBXGroup section */

/* Begin PBXNativeTarget section */
		12BCF36A2E8BACB400FD1CF8 /* PublicSpeakingAPP */ = {
			isa = PBXNativeTarget;
			buildConfigurationList = 12BCF38E2E8BACB500FD1CF8 /* Build configuration list for PBXNativeTarget "PublicSpeakingAPP" */;
			buildPhases = (
				3C66375FDC68752E36DA60E9 /* [CP] Check Pods Manifest.lock */,
				12BCF3672E8BACB400FD1CF8 /* Sources */,
				12BCF3682E8BACB400FD1CF8 /* Frameworks */,
				12BCF3692E8BACB400FD1CF8 /* Resources */,
				4C175B1442C5A6F2D99379ED /* [CP] Copy Pods Resources */,
			);
			buildRules = (
			);
			dependencies = (
			);
			fileSystemSynchronizedGroups = (
				12BCF36D2E8BACB400FD1CF8 /* PublicSpeakingAPP */,
			);
			name = PublicSpeakingAPP;
			packageProductDependencies = (
				17BA4F032E9F94990030B293 /* WhisperKit */,
				17BA4F052E9F94990030B293 /* whisperkit-cli */,
			);
			productName = PublicSpeakingAPP;
			productReference = 12BCF36B2E8BACB400FD1CF8 /* PublicSpeakingAPP.app */;
			productType = "com.apple.product-type.application";
		};
		12BCF3792E8BACB500FD1CF8 /* PublicSpeakingAPPTests */ = {
			isa = PBXNativeTarget;
			buildConfigurationList = 12BCF3912E8BACB500FD1CF8 /* Build configuration list for PBXNativeTarget "PublicSpeakingAPPTests" */;
			buildPhases = (
				485837873FAB3C220BDC2346 /* [CP] Check Pods Manifest.lock */,
				12BCF3762E8BACB500FD1CF8 /* Sources */,
				12BCF3772E8BACB500FD1CF8 /* Frameworks */,
				12BCF3782E8BACB500FD1CF8 /* Resources */,
			);
			buildRules = (
			);
			dependencies = (
				12BCF37C2E8BACB500FD1CF8 /* PBXTargetDependency */,
			);
			fileSystemSynchronizedGroups = (
				12BCF37D2E8BACB500FD1CF8 /* PublicSpeakingAPPTests */,
			);
			name = PublicSpeakingAPPTests;
			productName = PublicSpeakingAPPTests;
			productReference = 12BCF37A2E8BACB500FD1CF8 /* PublicSpeakingAPPTests.xctest */;
			productType = "com.apple.product-type.bundle.unit-test";
		};
		12BCF3832E8BACB500FD1CF8 /* PublicSpeakingAPPUITests */ = {
			isa = PBXNativeTarget;
			buildConfigurationList = 12BCF3942E8BACB500FD1CF8 /* Build configuration list for PBXNativeTarget "PublicSpeakingAPPUITests" */;
			buildPhases = (
				0B10F45DE7623D02925BC4C4 /* [CP] Check Pods Manifest.lock */,
				12BCF3802E8BACB500FD1CF8 /* Sources */,
				12BCF3812E8BACB500FD1CF8 /* Frameworks */,
				12BCF3822E8BACB500FD1CF8 /* Resources */,
				DE0DDCDA10C5CC4FFA26FEBA /* [CP] Copy Pods Resources */,
			);
			buildRules = (
			);
			dependencies = (
				12BCF3862E8BACB500FD1CF8 /* PBXTargetDependency */,
			);
			fileSystemSynchronizedGroups = (
				12BCF3872E8BACB500FD1CF8 /* PublicSpeakingAPPUITests */,
			);
			name = PublicSpeakingAPPUITests;
			productName = PublicSpeakingAPPUITests;
			productReference = 12BCF3842E8BACB500FD1CF8 /* PublicSpeakingAPPUITests.xctest */;
			productType = "com.apple.product-type.bundle.ui-testing";
		};
/* End PBXNativeTarget section */

/* Begin PBXProject section */
		12BCF3632E8BACB400FD1CF8 /* Project object */ = {
			isa = PBXProject;
			attributes = {
				BuildIndependentTargetsInParallel = 1;
				LastSwiftUpdateCheck = 2600;
				LastUpgradeCheck = 2600;
				TargetAttributes = {
					12BCF36A2E8BACB400FD1CF8 = {
						CreatedOnToolsVersion = 26.0.1;
					};
					12BCF3792E8BACB500FD1CF8 = {
						CreatedOnToolsVersion = 26.0.1;
						TestTargetID = 12BCF36A2E8BACB400FD1CF8;
					};
					12BCF3832E8BACB500FD1CF8 = {
						CreatedOnToolsVersion = 26.0.1;
						TestTargetID = 12BCF36A2E8BACB400FD1CF8;
					};
				};
			};
			buildConfigurationList = 12BCF3662E8BACB400FD1CF8 /* Build configuration list for PBXProject "PublicSpeakingAPP" */;
			developmentRegion = en;
			hasScannedForEncodings = 0;
			knownRegions = (
				en,
				Base,
			);
			mainGroup = 12BCF3622E8BACB400FD1CF8;
			minimizedProjectReferenceProxies = 1;
			packageReferences = (
				17BA4F022E9F94990030B293 /* XCRemoteSwiftPackageReference "whisperkit" */,
			);
			preferredProjectObjectVersion = 77;
			productRefGroup = 12BCF36C2E8BACB400FD1CF8 /* Products */;
			projectDirPath = "";
			projectRoot = "";
			targets = (
				12BCF36A2E8BACB400FD1CF8 /* PublicSpeakingAPP */,
				12BCF3792E8BACB500FD1CF8 /* PublicSpeakingAPPTests */,
				12BCF3832E8BACB500FD1CF8 /* PublicSpeakingAPPUITests */,
			);
		};
/* End PBXProject section */

/* Begin PBXResourcesBuildPhase section */
		12BCF3692E8BACB400FD1CF8 /* Resources */ = {
			isa = PBXResourcesBuildPhase;
			buildActionMask = 2147483647;
			files = (
			);
			runOnlyForDeploymentPostprocessing = 0;
		};
		12BCF3782E8BACB500FD1CF8 /* Resources */ = {
			isa = PBXResourcesBuildPhase;
			buildActionMask = 2147483647;
			files = (
			);
			runOnlyForDeploymentPostprocessing = 0;
		};
		12BCF3822E8BACB500FD1CF8 /* Resources */ = {
			isa = PBXResourcesBuildPhase;
			buildActionMask = 2147483647;
			files = (
			);
			runOnlyForDeploymentPostprocessing = 0;
		};
/* End PBXResourcesBuildPhase section */

/* Begin PBXShellScriptBuildPhase section */
		0B10F45DE7623D02925BC4C4 /* [CP] Check Pods Manifest.lock */ = {
			isa = PBXShellScriptBuildPhase;
			buildActionMask = 2147483647;
			files = (
			);
			inputFileListPaths = (
			);
			inputPaths = (
				"${PODS_PODFILE_DIR_PATH}/Podfile.lock",
				"${PODS_ROOT}/Manifest.lock",
			);
			name = "[CP] Check Pods Manifest.lock";
			outputFileListPaths = (
			);
			outputPaths = (
				"$(DERIVED_FILE_DIR)/Pods-PublicSpeakingAPP-PublicSpeakingAPPUITests-checkManifestLockResult.txt",
			);
			runOnlyForDeploymentPostprocessing = 0;
			shellPath = /bin/sh;
			shellScript = "diff \"${PODS_PODFILE_DIR_PATH}/Podfile.lock\" \"${PODS_ROOT}/Manifest.lock\" > /dev/null\nif [ $? != 0 ] ; then\n    # print error to STDERR\n    echo \"error: The sandbox is not in sync with the Podfile.lock. Run 'pod install' or update your CocoaPods installation.\" >&2\n    exit 1\nfi\n# This output is used by Xcode 'outputs' to avoid re-running this script phase.\necho \"SUCCESS\" > \"${SCRIPT_OUTPUT_FILE_0}\"\n";
			showEnvVarsInLog = 0;
		};
		3C66375FDC68752E36DA60E9 /* [CP] Check Pods Manifest.lock */ = {
			isa = PBXShellScriptBuildPhase;
			buildActionMask = 2147483647;
			files = (
			);
			inputFileListPaths = (
			);
			inputPaths = (
				"${PODS_PODFILE_DIR_PATH}/Podfile.lock",
				"${PODS_ROOT}/Manifest.lock",
			);
			name = "[CP] Check Pods Manifest.lock";
			outputFileListPaths = (
			);
			outputPaths = (
				"$(DERIVED_FILE_DIR)/Pods-PublicSpeakingAPP-checkManifestLockResult.txt",
			);
			runOnlyForDeploymentPostprocessing = 0;
			shellPath = /bin/sh;
			shellScript = "diff \"${PODS_PODFILE_DIR_PATH}/Podfile.lock\" \"${PODS_ROOT}/Manifest.lock\" > /dev/null\nif [ $? != 0 ] ; then\n    # print error to STDERR\n    echo \"error: The sandbox is not in sync with the Podfile.lock. Run 'pod install' or update your CocoaPods installation.\" >&2\n    exit 1\nfi\n# This output is used by Xcode 'outputs' to avoid re-running this script phase.\necho \"SUCCESS\" > \"${SCRIPT_OUTPUT_FILE_0}\"\n";
			showEnvVarsInLog = 0;
		};
		485837873FAB3C220BDC2346 /* [CP] Check Pods Manifest.lock */ = {
			isa = PBXShellScriptBuildPhase;
			buildActionMask = 2147483647;
			files = (
			);
			inputFileListPaths = (
			);
			inputPaths = (
				"${PODS_PODFILE_DIR_PATH}/Podfile.lock",
				"${PODS_ROOT}/Manifest.lock",
			);
			name = "[CP] Check Pods Manifest.lock";
			outputFileListPaths = (
			);
			outputPaths = (
				"$(DERIVED_FILE_DIR)/Pods-PublicSpeakingAPPTests-checkManifestLockResult.txt",
			);
			runOnlyForDeploymentPostprocessing = 0;
			shellPath = /bin/sh;
			shellScript = "diff \"${PODS_PODFILE_DIR_PATH}/Podfile.lock\" \"${PODS_ROOT}/Manifest.lock\" > /dev/null\nif [ $? != 0 ] ; then\n    # print error to STDERR\n    echo \"error: The sandbox is not in sync with the Podfile.lock. Run 'pod install' or update your CocoaPods installation.\" >&2\n    exit 1\nfi\n# This output is used by Xcode 'outputs' to avoid re-running this script phase.\necho \"SUCCESS\" > \"${SCRIPT_OUTPUT_FILE_0}\"\n";
			showEnvVarsInLog = 0;
		};
		4C175B1442C5A6F2D99379ED /* [CP] Copy Pods Resources */ = {
			isa = PBXShellScriptBuildPhase;
			buildActionMask = 2147483647;
			files = (
			);
			inputFileListPaths = (
				"${PODS_ROOT}/Target Support Files/Pods-PublicSpeakingAPP/Pods-PublicSpeakingAPP-resources-${CONFIGURATION}-input-files.xcfilelist",
			);
			inputPaths = (
			);
			name = "[CP] Copy Pods Resources";
			outputFileListPaths = (
				"${PODS_ROOT}/Target Support Files/Pods-PublicSpeakingAPP/Pods-PublicSpeakingAPP-resources-${CONFIGURATION}-output-files.xcfilelist",
			);
			outputPaths = (
			);
			runOnlyForDeploymentPostprocessing = 0;
			shellPath = /bin/sh;
			shellScript = "\"${PODS_ROOT}/Target Support Files/Pods-PublicSpeakingAPP/Pods-PublicSpeakingAPP-resources.sh\"\n";
			showEnvVarsInLog = 0;
		};
		DE0DDCDA10C5CC4FFA26FEBA /* [CP] Copy Pods Resources */ = {
			isa = PBXShellScriptBuildPhase;
			buildActionMask = 2147483647;
			files = (
			);
			inputFileListPaths = (
				"${PODS_ROOT}/Target Support Files/Pods-PublicSpeakingAPP-PublicSpeakingAPPUITests/Pods-PublicSpeakingAPP-PublicSpeakingAPPUITests-resources-${CONFIGURATION}-input-files.xcfilelist",
			);
			inputPaths = (
			);
			name = "[CP] Copy Pods Resources";
			outputFileListPaths = (
				"${PODS_ROOT}/Target Support Files/Pods-PublicSpeakingAPP-PublicSpeakingAPPUITests/Pods-PublicSpeakingAPP-PublicSpeakingAPPUITests-resources-${CONFIGURATION}-output-files.xcfilelist",
			);
			outputPaths = (
			);
			runOnlyForDeploymentPostprocessing = 0;
			shellPath = /bin/sh;
			shellScript = "\"${PODS_ROOT}/Target Support Files/Pods-PublicSpeakingAPP-PublicSpeakingAPPUITests/Pods-PublicSpeakingAPP-PublicSpeakingAPPUITests-resources.sh\"\n";
			showEnvVarsInLog = 0;
		};
/* End PBXShellScriptBuildPhase section */

/* Begin PBXSourcesBuildPhase section */
		12BCF3672E8BACB400FD1CF8 /* Sources */ = {
			isa = PBXSourcesBuildPhase;
			buildActionMask = 2147483647;
			files = (
			);
			runOnlyForDeploymentPostprocessing = 0;
		};
		12BCF3762E8BACB500FD1CF8 /* Sources */ = {
			isa = PBXSourcesBuildPhase;
			buildActionMask = 2147483647;
			files = (
			);
			runOnlyForDeploymentPostprocessing = 0;
		};
		12BCF3802E8BACB500FD1CF8 /* Sources */ = {
			isa = PBXSourcesBuildPhase;
			buildActionMask = 2147483647;
			files = (
			);
			runOnlyForDeploymentPostprocessing = 0;
		};
/* End PBXSourcesBuildPhase section */

/* Begin PBXTargetDependency section */
		12BCF37C2E8BACB500FD1CF8 /* PBXTargetDependency */ = {
			isa = PBXTargetDependency;
			target = 12BCF36A2E8BACB400FD1CF8 /* PublicSpeakingAPP */;
			targetProxy = 12BCF37B2E8BACB500FD1CF8 /* PBXContainerItemProxy */;
		};
		12BCF3862E8BACB500FD1CF8 /* PBXTargetDependency */ = {
			isa = PBXTargetDependency;
			target = 12BCF36A2E8BACB400FD1CF8 /* PublicSpeakingAPP */;
			targetProxy = 12BCF3852E8BACB500FD1CF8 /* PBXContainerItemProxy */;
		};
/* End PBXTargetDependency section */

/* Begin XCBuildConfiguration section */
		12BCF38C2E8BACB500FD1CF8 /* Debug */ = {
			isa = XCBuildConfiguration;
			buildSettings = {
				ALWAYS_SEARCH_USER_PATHS = NO;
				ASSETCATALOG_COMPILER_GENERATE_SWIFT_ASSET_SYMBOL_EXTENSIONS = YES;
				CLANG_ANALYZER_NONNULL = YES;
				CLANG_ANALYZER_NUMBER_OBJECT_CONVERSION = YES_AGGRESSIVE;
				CLANG_CXX_LANGUAGE_STANDARD = "gnu++20";
				CLANG_ENABLE_MODULES = YES;
				CLANG_ENABLE_OBJC_ARC = YES;
				CLANG_ENABLE_OBJC_WEAK = YES;
				CLANG_WARN_BLOCK_CAPTURE_AUTORELEASING = YES;
				CLANG_WARN_BOOL_CONVERSION = YES;
				CLANG_WARN_COMMA = YES;
				CLANG_WARN_CONSTANT_CONVERSION = YES;
				CLANG_WARN_DEPRECATED_OBJC_IMPLEMENTATIONS = YES;
				CLANG_WARN_DIRECT_OBJC_ISA_USAGE = YES_ERROR;
				CLANG_WARN_DOCUMENTATION_COMMENTS = YES;
				CLANG_WARN_EMPTY_BODY = YES;
				CLANG_WARN_ENUM_CONVERSION = YES;
				CLANG_WARN_INFINITE_RECURSION = YES;
				CLANG_WARN_INT_CONVERSION = YES;
				CLANG_WARN_NON_LITERAL_NULL_CONVERSION = YES;
				CLANG_WARN_OBJC_IMPLICIT_RETAIN_SELF = YES;
				CLANG_WARN_OBJC_LITERAL_CONVERSION = YES;
				CLANG_WARN_OBJC_ROOT_CLASS = YES_ERROR;
				CLANG_WARN_QUOTED_INCLUDE_IN_FRAMEWORK_HEADER = YES;
				CLANG_WARN_RANGE_LOOP_ANALYSIS = YES;
				CLANG_WARN_STRICT_PROTOTYPES = YES;
				CLANG_WARN_SUSPICIOUS_MOVE = YES;
				CLANG_WARN_UNGUARDED_AVAILABILITY = YES_AGGRESSIVE;
				CLANG_WARN_UNREACHABLE_CODE = YES;
				CLANG_WARN__DUPLICATE_METHOD_MATCH = YES;
				COPY_PHASE_STRIP = NO;
				DEBUG_INFORMATION_FORMAT = dwarf;
				DEVELOPMENT_TEAM = NX68XL6H25;
				ENABLE_STRICT_OBJC_MSGSEND = YES;
				ENABLE_TESTABILITY = YES;
				ENABLE_USER_SCRIPT_SANDBOXING = YES;
				GCC_C_LANGUAGE_STANDARD = gnu17;
				GCC_DYNAMIC_NO_PIC = NO;
				GCC_NO_COMMON_BLOCKS = YES;
				GCC_OPTIMIZATION_LEVEL = 0;
				GCC_PREPROCESSOR_DEFINITIONS = (
					"DEBUG=1",
					"$(inherited)",
				);
				GCC_WARN_64_TO_32_BIT_CONVERSION = YES;
				GCC_WARN_ABOUT_RETURN_TYPE = YES_ERROR;
				GCC_WARN_UNDECLARED_SELECTOR = YES;
				GCC_WARN_UNINITIALIZED_AUTOS = YES_AGGRESSIVE;
				GCC_WARN_UNUSED_FUNCTION = YES;
				GCC_WARN_UNUSED_VARIABLE = YES;
				IPHONEOS_DEPLOYMENT_TARGET = 26.0;
				LOCALIZATION_PREFERS_STRING_CATALOGS = YES;
				MTL_ENABLE_DEBUG_INFO = INCLUDE_SOURCE;
				MTL_FAST_MATH = YES;
				ONLY_ACTIVE_ARCH = YES;
				"OTHER_LDFLAGS[arch=*]" = (
					"-force_load",
					"$(SRCROOT)/Pods/TensorFlowLiteSelectTfOps/Frameworks/TensorFlowLiteSelectTfOps.xcframework/ios-arm64/TensorFlowLiteSelectTfOps.framework/TensorFlowLiteSelectTfOps",
				);
				SDKROOT = iphoneos;
				SWIFT_ACTIVE_COMPILATION_CONDITIONS = "DEBUG $(inherited)";
				SWIFT_OPTIMIZATION_LEVEL = "-Onone";
			};
			name = Debug;
		};
		12BCF38D2E8BACB500FD1CF8 /* Release */ = {
			isa = XCBuildConfiguration;
			buildSettings = {
				ALWAYS_SEARCH_USER_PATHS = NO;
				ASSETCATALOG_COMPILER_GENERATE_SWIFT_ASSET_SYMBOL_EXTENSIONS = YES;
				CLANG_ANALYZER_NONNULL = YES;
				CLANG_ANALYZER_NUMBER_OBJECT_CONVERSION = YES_AGGRESSIVE;
				CLANG_CXX_LANGUAGE_STANDARD = "gnu++20";
				CLANG_ENABLE_MODULES = YES;
				CLANG_ENABLE_OBJC_ARC = YES;
				CLANG_ENABLE_OBJC_WEAK = YES;
				CLANG_WARN_BLOCK_CAPTURE_AUTORELEASING = YES;
				CLANG_WARN_BOOL_CONVERSION = YES;
				CLANG_WARN_COMMA = YES;
				CLANG_WARN_CONSTANT_CONVERSION = YES;
				CLANG_WARN_DEPRECATED_OBJC_IMPLEMENTATIONS = YES;
				CLANG_WARN_DIRECT_OBJC_ISA_USAGE = YES_ERROR;
				CLANG_WARN_DOCUMENTATION_COMMENTS = YES;
				CLANG_WARN_EMPTY_BODY = YES;
				CLANG_WARN_ENUM_CONVERSION = YES;
				CLANG_WARN_INFINITE_RECURSION = YES;
				CLANG_WARN_INT_CONVERSION = YES;
				CLANG_WARN_NON_LITERAL_NULL_CONVERSION = YES;
				CLANG_WARN_OBJC_IMPLICIT_RETAIN_SELF = YES;
				CLANG_WARN_OBJC_LITERAL_CONVERSION = YES;
				CLANG_WARN_OBJC_ROOT_CLASS = YES_ERROR;
				CLANG_WARN_QUOTED_INCLUDE_IN_FRAMEWORK_HEADER = YES;
				CLANG_WARN_RANGE_LOOP_ANALYSIS = YES;
				CLANG_WARN_STRICT_PROTOTYPES = YES;
				CLANG_WARN_SUSPICIOUS_MOVE = YES;
				CLANG_WARN_UNGUARDED_AVAILABILITY = YES_AGGRESSIVE;
				CLANG_WARN_UNREACHABLE_CODE = YES;
				CLANG_WARN__DUPLICATE_METHOD_MATCH = YES;
				COPY_PHASE_STRIP = NO;
				DEBUG_INFORMATION_FORMAT = "dwarf-with-dsym";
				DEVELOPMENT_TEAM = NX68XL6H25;
				ENABLE_NS_ASSERTIONS = NO;
				ENABLE_STRICT_OBJC_MSGSEND = YES;
				ENABLE_USER_SCRIPT_SANDBOXING = YES;
				GCC_C_LANGUAGE_STANDARD = gnu17;
				GCC_NO_COMMON_BLOCKS = YES;
				GCC_WARN_64_TO_32_BIT_CONVERSION = YES;
				GCC_WARN_ABOUT_RETURN_TYPE = YES_ERROR;
				GCC_WARN_UNDECLARED_SELECTOR = YES;
				GCC_WARN_UNINITIALIZED_AUTOS = YES_AGGRESSIVE;
				GCC_WARN_UNUSED_FUNCTION = YES;
				GCC_WARN_UNUSED_VARIABLE = YES;
				IPHONEOS_DEPLOYMENT_TARGET = 26.0;
				LOCALIZATION_PREFERS_STRING_CATALOGS = YES;
				MTL_ENABLE_DEBUG_INFO = NO;
				MTL_FAST_MATH = YES;
				"OTHER_LDFLAGS[arch=*]" = (
					"-force_load",
					"$(SRCROOT)/Pods/TensorFlowLiteSelectTfOps/Frameworks/TensorFlowLiteSelectTfOps.xcframework/ios-arm64/TensorFlowLiteSelectTfOps.framework/TensorFlowLiteSelectTfOps",
				);
				SDKROOT = iphoneos;
				SWIFT_COMPILATION_MODE = wholemodule;
				VALIDATE_PRODUCT = YES;
			};
			name = Release;
		};
		12BCF38F2E8BACB500FD1CF8 /* Debug */ = {
			isa = XCBuildConfiguration;
			baseConfigurationReference = 2B5CCB8D1661E906DE9DC6C3 /* Pods-PublicSpeakingAPP.debug.xcconfig */;
			buildSettings = {
				ASSETCATALOG_COMPILER_APPICON_NAME = AppIcon;
				ASSETCATALOG_COMPILER_GLOBAL_ACCENT_COLOR_NAME = AccentColor;
				CODE_SIGN_STYLE = Automatic;
				CURRENT_PROJECT_VERSION = 1;
				DEVELOPMENT_TEAM = RUK94DS7MJ;
				ENABLE_PREVIEWS = YES;
				GENERATE_INFOPLIST_FILE = YES;
				INFOPLIST_KEY_UIApplicationSceneManifest_Generation = YES;
				INFOPLIST_KEY_UIApplicationSupportsIndirectInputEvents = YES;
				INFOPLIST_KEY_UILaunchScreen_Generation = YES;
				INFOPLIST_KEY_UISupportedInterfaceOrientations_iPad = "UIInterfaceOrientationPortrait UIInterfaceOrientationPortraitUpsideDown UIInterfaceOrientationLandscapeLeft UIInterfaceOrientationLandscapeRight";
				INFOPLIST_KEY_UISupportedInterfaceOrientations_iPhone = "UIInterfaceOrientationPortrait UIInterfaceOrientationLandscapeLeft UIInterfaceOrientationLandscapeRight";
				IPHONEOS_DEPLOYMENT_TARGET = 18.0;
				LD_RUNPATH_SEARCH_PATHS = (
					"$(inherited)",
					"@executable_path/Frameworks",
				);
				MARKETING_VERSION = 1.0;
				PRODUCT_BUNDLE_IDENTIFIER = celine.PublicSpeakingAPP;
				PRODUCT_NAME = "$(TARGET_NAME)";
				STRING_CATALOG_GENERATE_SYMBOLS = YES;
				SWIFT_APPROACHABLE_CONCURRENCY = YES;
				SWIFT_DEFAULT_ACTOR_ISOLATION = MainActor;
				SWIFT_EMIT_LOC_STRINGS = YES;
				SWIFT_UPCOMING_FEATURE_MEMBER_IMPORT_VISIBILITY = YES;
				SWIFT_VERSION = 5.0;
				TARGETED_DEVICE_FAMILY = "1,2";
			};
			name = Debug;
		};
		12BCF3902E8BACB500FD1CF8 /* Release */ = {
			isa = XCBuildConfiguration;
			baseConfigurationReference = D0956CE89974888098C971A5 /* Pods-PublicSpeakingAPP.release.xcconfig */;
			buildSettings = {
				ASSETCATALOG_COMPILER_APPICON_NAME = AppIcon;
				ASSETCATALOG_COMPILER_GLOBAL_ACCENT_COLOR_NAME = AccentColor;
				CODE_SIGN_STYLE = Automatic;
				CURRENT_PROJECT_VERSION = 1;
				DEVELOPMENT_TEAM = RUK94DS7MJ;
				ENABLE_PREVIEWS = YES;
				GENERATE_INFOPLIST_FILE = YES;
				INFOPLIST_KEY_UIApplicationSceneManifest_Generation = YES;
				INFOPLIST_KEY_UIApplicationSupportsIndirectInputEvents = YES;
				INFOPLIST_KEY_UILaunchScreen_Generation = YES;
				INFOPLIST_KEY_UISupportedInterfaceOrientations_iPad = "UIInterfaceOrientationPortrait UIInterfaceOrientationPortraitUpsideDown UIInterfaceOrientationLandscapeLeft UIInterfaceOrientationLandscapeRight";
				INFOPLIST_KEY_UISupportedInterfaceOrientations_iPhone = "UIInterfaceOrientationPortrait UIInterfaceOrientationLandscapeLeft UIInterfaceOrientationLandscapeRight";
				IPHONEOS_DEPLOYMENT_TARGET = 18.0;
				LD_RUNPATH_SEARCH_PATHS = (
					"$(inherited)",
					"@executable_path/Frameworks",
				);
				MARKETING_VERSION = 1.0;
				PRODUCT_BUNDLE_IDENTIFIER = celine.PublicSpeakingAPP;
				PRODUCT_NAME = "$(TARGET_NAME)";
				STRING_CATALOG_GENERATE_SYMBOLS = YES;
				SWIFT_APPROACHABLE_CONCURRENCY = YES;
				SWIFT_DEFAULT_ACTOR_ISOLATION = MainActor;
				SWIFT_EMIT_LOC_STRINGS = YES;
				SWIFT_UPCOMING_FEATURE_MEMBER_IMPORT_VISIBILITY = YES;
				SWIFT_VERSION = 5.0;
				TARGETED_DEVICE_FAMILY = "1,2";
			};
			name = Release;
		};
		12BCF3922E8BACB500FD1CF8 /* Debug */ = {
			isa = XCBuildConfiguration;
			baseConfigurationReference = 066ECDE1A03F55BC483FB13D /* Pods-PublicSpeakingAPPTests.debug.xcconfig */;
			buildSettings = {
				BUNDLE_LOADER = "$(TEST_HOST)";
				CODE_SIGN_STYLE = Automatic;
				CURRENT_PROJECT_VERSION = 1;
				DEVELOPMENT_TEAM = NX68XL6H25;
				GENERATE_INFOPLIST_FILE = YES;
				IPHONEOS_DEPLOYMENT_TARGET = 26.0;
				MARKETING_VERSION = 1.0;
				PRODUCT_BUNDLE_IDENTIFIER = celine.PublicSpeakingAPPTests;
				PRODUCT_NAME = "$(TARGET_NAME)";
				STRING_CATALOG_GENERATE_SYMBOLS = NO;
				SWIFT_APPROACHABLE_CONCURRENCY = YES;
				SWIFT_EMIT_LOC_STRINGS = NO;
				SWIFT_UPCOMING_FEATURE_MEMBER_IMPORT_VISIBILITY = YES;
				SWIFT_VERSION = 5.0;
				TARGETED_DEVICE_FAMILY = "1,2";
				TEST_HOST = "$(BUILT_PRODUCTS_DIR)/PublicSpeakingAPP.app/$(BUNDLE_EXECUTABLE_FOLDER_PATH)/PublicSpeakingAPP";
			};
			name = Debug;
		};
		12BCF3932E8BACB500FD1CF8 /* Release */ = {
			isa = XCBuildConfiguration;
			baseConfigurationReference = A64080B740B2D5CFEA07545E /* Pods-PublicSpeakingAPPTests.release.xcconfig */;
			buildSettings = {
				BUNDLE_LOADER = "$(TEST_HOST)";
				CODE_SIGN_STYLE = Automatic;
				CURRENT_PROJECT_VERSION = 1;
				DEVELOPMENT_TEAM = NX68XL6H25;
				GENERATE_INFOPLIST_FILE = YES;
				IPHONEOS_DEPLOYMENT_TARGET = 26.0;
				MARKETING_VERSION = 1.0;
				PRODUCT_BUNDLE_IDENTIFIER = celine.PublicSpeakingAPPTests;
				PRODUCT_NAME = "$(TARGET_NAME)";
				STRING_CATALOG_GENERATE_SYMBOLS = NO;
				SWIFT_APPROACHABLE_CONCURRENCY = YES;
				SWIFT_EMIT_LOC_STRINGS = NO;
				SWIFT_UPCOMING_FEATURE_MEMBER_IMPORT_VISIBILITY = YES;
				SWIFT_VERSION = 5.0;
				TARGETED_DEVICE_FAMILY = "1,2";
				TEST_HOST = "$(BUILT_PRODUCTS_DIR)/PublicSpeakingAPP.app/$(BUNDLE_EXECUTABLE_FOLDER_PATH)/PublicSpeakingAPP";
			};
			name = Release;
		};
		12BCF3952E8BACB500FD1CF8 /* Debug */ = {
			isa = XCBuildConfiguration;
			baseConfigurationReference = 67E79AA2EC4971F34195DCF3 /* Pods-PublicSpeakingAPP-PublicSpeakingAPPUITests.debug.xcconfig */;
			buildSettings = {
				CODE_SIGN_STYLE = Automatic;
				CURRENT_PROJECT_VERSION = 1;
				DEVELOPMENT_TEAM = NX68XL6H25;
				GENERATE_INFOPLIST_FILE = YES;
				MARKETING_VERSION = 1.0;
				PRODUCT_BUNDLE_IDENTIFIER = celine.PublicSpeakingAPPUITests;
				PRODUCT_NAME = "$(TARGET_NAME)";
				STRING_CATALOG_GENERATE_SYMBOLS = NO;
				SWIFT_APPROACHABLE_CONCURRENCY = YES;
				SWIFT_EMIT_LOC_STRINGS = NO;
				SWIFT_UPCOMING_FEATURE_MEMBER_IMPORT_VISIBILITY = YES;
				SWIFT_VERSION = 5.0;
				TARGETED_DEVICE_FAMILY = "1,2";
				TEST_TARGET_NAME = PublicSpeakingAPP;
			};
			name = Debug;
		};
		12BCF3962E8BACB500FD1CF8 /* Release */ = {
			isa = XCBuildConfiguration;
			baseConfigurationReference = 016D9560FE89F0C72E5C21A8 /* Pods-PublicSpeakingAPP-PublicSpeakingAPPUITests.release.xcconfig */;
			buildSettings = {
				CODE_SIGN_STYLE = Automatic;
				CURRENT_PROJECT_VERSION = 1;
				DEVELOPMENT_TEAM = NX68XL6H25;
				GENERATE_INFOPLIST_FILE = YES;
				MARKETING_VERSION = 1.0;
				PRODUCT_BUNDLE_IDENTIFIER = celine.PublicSpeakingAPPUITests;
				PRODUCT_NAME = "$(TARGET_NAME)";
				STRING_CATALOG_GENERATE_SYMBOLS = NO;
				SWIFT_APPROACHABLE_CONCURRENCY = YES;
				SWIFT_EMIT_LOC_STRINGS = NO;
				SWIFT_UPCOMING_FEATURE_MEMBER_IMPORT_VISIBILITY = YES;
				SWIFT_VERSION = 5.0;
				TARGETED_DEVICE_FAMILY = "1,2";
				TEST_TARGET_NAME = PublicSpeakingAPP;
			};
			name = Release;
		};
/* End XCBuildConfiguration section */

/* Begin XCConfigurationList section */
		12BCF3662E8BACB400FD1CF8 /* Build configuration list for PBXProject "PublicSpeakingAPP" */ = {
			isa = XCConfigurationList;
			buildConfigurations = (
				12BCF38C2E8BACB500FD1CF8 /* Debug */,
				12BCF38D2E8BACB500FD1CF8 /* Release */,
			);
			defaultConfigurationIsVisible = 0;
			defaultConfigurationName = Release;
		};
		12BCF38E2E8BACB500FD1CF8 /* Build configuration list for PBXNativeTarget "PublicSpeakingAPP" */ = {
			isa = XCConfigurationList;
			buildConfigurations = (
				12BCF38F2E8BACB500FD1CF8 /* Debug */,
				12BCF3902E8BACB500FD1CF8 /* Release */,
			);
			defaultConfigurationIsVisible = 0;
			defaultConfigurationName = Release;
		};
		12BCF3912E8BACB500FD1CF8 /* Build configuration list for PBXNativeTarget "PublicSpeakingAPPTests" */ = {
			isa = XCConfigurationList;
			buildConfigurations = (
				12BCF3922E8BACB500FD1CF8 /* Debug */,
				12BCF3932E8BACB500FD1CF8 /* Release */,
			);
			defaultConfigurationIsVisible = 0;
			defaultConfigurationName = Release;
		};
		12BCF3942E8BACB500FD1CF8 /* Build configuration list for PBXNativeTarget "PublicSpeakingAPPUITests" */ = {
			isa = XCConfigurationList;
			buildConfigurations = (
				12BCF3952E8BACB500FD1CF8 /* Debug */,
				12BCF3962E8BACB500FD1CF8 /* Release */,
			);
			defaultConfigurationIsVisible = 0;
			defaultConfigurationName = Release;
		};
/* End XCConfigurationList section */

/* Begin XCRemoteSwiftPackageReference section */
		17BA4F022E9F94990030B293 /* XCRemoteSwiftPackageReference "whisperkit" */ = {
			isa = XCRemoteSwiftPackageReference;
			repositoryURL = "https://github.com/argmaxinc/whisperkit";
			requirement = {
				branch = main;
				kind = branch;
			};
		};
/* End XCRemoteSwiftPackageReference section */

/* Begin XCSwiftPackageProductDependency section */
		17BA4F032E9F94990030B293 /* WhisperKit */ = {
			isa = XCSwiftPackageProductDependency;
			package = 17BA4F022E9F94990030B293 /* XCRemoteSwiftPackageReference "whisperkit" */;
			productName = WhisperKit;
		};
		17BA4F052E9F94990030B293 /* whisperkit-cli */ = {
			isa = XCSwiftPackageProductDependency;
			package = 17BA4F022E9F94990030B293 /* XCRemoteSwiftPackageReference "whisperkit" */;
			productName = "whisperkit-cli";
		};
/* End XCSwiftPackageProductDependency section */
	};
	rootObject = 12BCF3632E8BACB400FD1CF8 /* Project object */;
}
